// !$*UTF8*$!
{
	archiveVersion = 1;
	classes = {
	};
	objectVersion = 46;
	objects = {

/* Begin PBXBuildFile section */
		0F9881DCB7F86103F9E22EE1 /* libPods-JSQObjcDemo.a in Frameworks */ = {isa = PBXBuildFile; fileRef = EB6A3D3DE5113C43056FE4B0 /* libPods-JSQObjcDemo.a */; };
		44DC548C1E42D87A0099F0E8 /* main.m in Sources */ = {isa = PBXBuildFile; fileRef = 44DC548B1E42D87A0099F0E8 /* main.m */; };
		44DC548F1E42D87A0099F0E8 /* AppDelegate.m in Sources */ = {isa = PBXBuildFile; fileRef = 44DC548E1E42D87A0099F0E8 /* AppDelegate.m */; };
		44DC54921E42D87A0099F0E8 /* ViewController.m in Sources */ = {isa = PBXBuildFile; fileRef = 44DC54911E42D87A0099F0E8 /* ViewController.m */; };
		44DC54951E42D87A0099F0E8 /* Main.storyboard in Resources */ = {isa = PBXBuildFile; fileRef = 44DC54931E42D87A0099F0E8 /* Main.storyboard */; };
		44DC54971E42D87A0099F0E8 /* Assets.xcassets in Resources */ = {isa = PBXBuildFile; fileRef = 44DC54961E42D87A0099F0E8 /* Assets.xcassets */; };
		44DC549A1E42D87A0099F0E8 /* LaunchScreen.storyboard in Resources */ = {isa = PBXBuildFile; fileRef = 44DC54981E42D87A0099F0E8 /* LaunchScreen.storyboard */; };
		44DC54A51E430D3A0099F0E8 /* DemoChatViewController.m in Sources */ = {isa = PBXBuildFile; fileRef = 44DC54A41E430D3A0099F0E8 /* DemoChatViewController.m */; };
/* End PBXBuildFile section */

/* Begin PBXFileReference section */
		44DC54871E42D87A0099F0E8 /* JSQObjcDemo.app */ = {isa = PBXFileReference; explicitFileType = wrapper.application; includeInIndex = 0; path = JSQObjcDemo.app; sourceTree = BUILT_PRODUCTS_DIR; };
		44DC548B1E42D87A0099F0E8 /* main.m */ = {isa = PBXFileReference; lastKnownFileType = sourcecode.c.objc; path = main.m; sourceTree = "<group>"; };
		44DC548D1E42D87A0099F0E8 /* AppDelegate.h */ = {isa = PBXFileReference; lastKnownFileType = sourcecode.c.h; path = AppDelegate.h; sourceTree = "<group>"; };
		44DC548E1E42D87A0099F0E8 /* AppDelegate.m */ = {isa = PBXFileReference; lastKnownFileType = sourcecode.c.objc; path = AppDelegate.m; sourceTree = "<group>"; };
		44DC54901E42D87A0099F0E8 /* ViewController.h */ = {isa = PBXFileReference; lastKnownFileType = sourcecode.c.h; path = ViewController.h; sourceTree = "<group>"; };
		44DC54911E42D87A0099F0E8 /* ViewController.m */ = {isa = PBXFileReference; lastKnownFileType = sourcecode.c.objc; path = ViewController.m; sourceTree = "<group>"; };
		44DC54941E42D87A0099F0E8 /* Base */ = {isa = PBXFileReference; lastKnownFileType = file.storyboard; name = Base; path = Base.lproj/Main.storyboard; sourceTree = "<group>"; };
		44DC54961E42D87A0099F0E8 /* Assets.xcassets */ = {isa = PBXFileReference; lastKnownFileType = folder.assetcatalog; path = Assets.xcassets; sourceTree = "<group>"; };
		44DC54991E42D87A0099F0E8 /* Base */ = {isa = PBXFileReference; lastKnownFileType = file.storyboard; name = Base; path = Base.lproj/LaunchScreen.storyboard; sourceTree = "<group>"; };
		44DC549B1E42D87A0099F0E8 /* Info.plist */ = {isa = PBXFileReference; lastKnownFileType = text.plist.xml; path = Info.plist; sourceTree = "<group>"; };
		44DC54A31E430D3A0099F0E8 /* DemoChatViewController.h */ = {isa = PBXFileReference; fileEncoding = 4; lastKnownFileType = sourcecode.c.h; path = DemoChatViewController.h; sourceTree = "<group>"; };
		44DC54A41E430D3A0099F0E8 /* DemoChatViewController.m */ = {isa = PBXFileReference; fileEncoding = 4; lastKnownFileType = sourcecode.c.objc; path = DemoChatViewController.m; sourceTree = "<group>"; };
		D9719BA7117820170C1A2AC2 /* Pods-JSQObjcDemo.release.xcconfig */ = {isa = PBXFileReference; includeInIndex = 1; lastKnownFileType = text.xcconfig; name = "Pods-JSQObjcDemo.release.xcconfig"; path = "Pods/Target Support Files/Pods-JSQObjcDemo/Pods-JSQObjcDemo.release.xcconfig"; sourceTree = "<group>"; };
		DEC5F2ECD779A9EE8E440450 /* Pods-JSQObjcDemo.debug.xcconfig */ = {isa = PBXFileReference; includeInIndex = 1; lastKnownFileType = text.xcconfig; name = "Pods-JSQObjcDemo.debug.xcconfig"; path = "Pods/Target Support Files/Pods-JSQObjcDemo/Pods-JSQObjcDemo.debug.xcconfig"; sourceTree = "<group>"; };
		EB6A3D3DE5113C43056FE4B0 /* libPods-JSQObjcDemo.a */ = {isa = PBXFileReference; explicitFileType = archive.ar; includeInIndex = 0; path = "libPods-JSQObjcDemo.a"; sourceTree = BUILT_PRODUCTS_DIR; };
/* End PBXFileReference section */

/* Begin PBXFrameworksBuildPhase section */
		44DC54841E42D87A0099F0E8 /* Frameworks */ = {
			isa = PBXFrameworksBuildPhase;
			buildActionMask = 2147483647;
			files = (
				0F9881DCB7F86103F9E22EE1 /* libPods-JSQObjcDemo.a in Frameworks */,
			);
			runOnlyForDeploymentPostprocessing = 0;
		};
/* End PBXFrameworksBuildPhase section */

/* Begin PBXGroup section */
		3F5C54E6B59F4E9B7C256BE8 /* Frameworks */ = {
			isa = PBXGroup;
			children = (
				EB6A3D3DE5113C43056FE4B0 /* libPods-JSQObjcDemo.a */,
			);
			name = Frameworks;
			sourceTree = "<group>";
		};
		44DC547E1E42D87A0099F0E8 = {
			isa = PBXGroup;
			children = (
				44DC54891E42D87A0099F0E8 /* JSQObjcDemo */,
				44DC54881E42D87A0099F0E8 /* Products */,
				DF932BA69BB806C9C9C110D3 /* Pods */,
				3F5C54E6B59F4E9B7C256BE8 /* Frameworks */,
			);
			sourceTree = "<group>";
		};
		44DC54881E42D87A0099F0E8 /* Products */ = {
			isa = PBXGroup;
			children = (
				44DC54871E42D87A0099F0E8 /* JSQObjcDemo.app */,
			);
			name = Products;
			sourceTree = "<group>";
		};
		44DC54891E42D87A0099F0E8 /* JSQObjcDemo */ = {
			isa = PBXGroup;
			children = (
				44DC548D1E42D87A0099F0E8 /* AppDelegate.h */,
				44DC548E1E42D87A0099F0E8 /* AppDelegate.m */,
				44DC54901E42D87A0099F0E8 /* ViewController.h */,
				44DC54911E42D87A0099F0E8 /* ViewController.m */,
				44DC54A31E430D3A0099F0E8 /* DemoChatViewController.h */,
				44DC54A41E430D3A0099F0E8 /* DemoChatViewController.m */,
				44DC54931E42D87A0099F0E8 /* Main.storyboard */,
				44DC54961E42D87A0099F0E8 /* Assets.xcassets */,
				44DC54981E42D87A0099F0E8 /* LaunchScreen.storyboard */,
				44DC549B1E42D87A0099F0E8 /* Info.plist */,
				44DC548A1E42D87A0099F0E8 /* Supporting Files */,
			);
			path = JSQObjcDemo;
			sourceTree = "<group>";
		};
		44DC548A1E42D87A0099F0E8 /* Supporting Files */ = {
			isa = PBXGroup;
			children = (
				44DC548B1E42D87A0099F0E8 /* main.m */,
			);
			name = "Supporting Files";
			sourceTree = "<group>";
		};
		DF932BA69BB806C9C9C110D3 /* Pods */ = {
			isa = PBXGroup;
			children = (
				DEC5F2ECD779A9EE8E440450 /* Pods-JSQObjcDemo.debug.xcconfig */,
				D9719BA7117820170C1A2AC2 /* Pods-JSQObjcDemo.release.xcconfig */,
			);
			name = Pods;
			sourceTree = "<group>";
		};
/* End PBXGroup section */

/* Begin PBXNativeTarget section */
		44DC54861E42D87A0099F0E8 /* JSQObjcDemo */ = {
			isa = PBXNativeTarget;
			buildConfigurationList = 44DC549E1E42D87A0099F0E8 /* Build configuration list for PBXNativeTarget "JSQObjcDemo" */;
			buildPhases = (
				42E990B0BC023362E8CAA919 /* [CP] Check Pods Manifest.lock */,
				44DC54831E42D87A0099F0E8 /* Sources */,
				44DC54841E42D87A0099F0E8 /* Frameworks */,
				44DC54851E42D87A0099F0E8 /* Resources */,
				4F8165FE0F0F339795639904 /* [CP] Embed Pods Frameworks */,
				741678138F2015C57309F8E7 /* [CP] Copy Pods Resources */,
			);
			buildRules = (
			);
			dependencies = (
			);
			name = JSQObjcDemo;
			productName = JSQObjcDemo;
			productReference = 44DC54871E42D87A0099F0E8 /* JSQObjcDemo.app */;
			productType = "com.apple.product-type.application";
		};
/* End PBXNativeTarget section */

/* Begin PBXProject section */
		44DC547F1E42D87A0099F0E8 /* Project object */ = {
			isa = PBXProject;
			attributes = {
				LastUpgradeCheck = 0820;
				ORGANIZATIONNAME = "默司";
				TargetAttributes = {
					44DC54861E42D87A0099F0E8 = {
						CreatedOnToolsVersion = 8.2.1;
						DevelopmentTeam = 8E5H4JDK8B;
						ProvisioningStyle = Automatic;
					};
				};
			};
			buildConfigurationList = 44DC54821E42D87A0099F0E8 /* Build configuration list for PBXProject "JSQObjcDemo" */;
			compatibilityVersion = "Xcode 3.2";
			developmentRegion = English;
			hasScannedForEncodings = 0;
			knownRegions = (
				en,
				Base,
			);
			mainGroup = 44DC547E1E42D87A0099F0E8;
			productRefGroup = 44DC54881E42D87A0099F0E8 /* Products */;
			projectDirPath = "";
			projectRoot = "";
			targets = (
				44DC54861E42D87A0099F0E8 /* JSQObjcDemo */,
			);
		};
/* End PBXProject section */

/* Begin PBXResourcesBuildPhase section */
		44DC54851E42D87A0099F0E8 /* Resources */ = {
			isa = PBXResourcesBuildPhase;
			buildActionMask = 2147483647;
			files = (
				44DC549A1E42D87A0099F0E8 /* LaunchScreen.storyboard in Resources */,
				44DC54971E42D87A0099F0E8 /* Assets.xcassets in Resources */,
				44DC54951E42D87A0099F0E8 /* Main.storyboard in Resources */,
			);
			runOnlyForDeploymentPostprocessing = 0;
		};
/* End PBXResourcesBuildPhase section */

/* Begin PBXShellScriptBuildPhase section */
		42E990B0BC023362E8CAA919 /* [CP] Check Pods Manifest.lock */ = {
			isa = PBXShellScriptBuildPhase;
			buildActionMask = 2147483647;
			files = (
			);
			inputPaths = (
			);
			name = "[CP] Check Pods Manifest.lock";
			outputPaths = (
			);
			runOnlyForDeploymentPostprocessing = 0;
			shellPath = /bin/sh;
			shellScript = "diff \"${PODS_ROOT}/../Podfile.lock\" \"${PODS_ROOT}/Manifest.lock\" > /dev/null\nif [ $? != 0 ] ; then\n    # print error to STDERR\n    echo \"error: The sandbox is not in sync with the Podfile.lock. Run 'pod install' or update your CocoaPods installation.\" >&2\n    exit 1\nfi\n";
			showEnvVarsInLog = 0;
		};
		4F8165FE0F0F339795639904 /* [CP] Embed Pods Frameworks */ = {
			isa = PBXShellScriptBuildPhase;
			buildActionMask = 2147483647;
			files = (
			);
			inputPaths = (
			);
			name = "[CP] Embed Pods Frameworks";
			outputPaths = (
			);
			runOnlyForDeploymentPostprocessing = 0;
			shellPath = /bin/sh;
			shellScript = "\"${SRCROOT}/Pods/Target Support Files/Pods-JSQObjcDemo/Pods-JSQObjcDemo-frameworks.sh\"\n";
			showEnvVarsInLog = 0;
		};
		741678138F2015C57309F8E7 /* [CP] Copy Pods Resources */ = {
			isa = PBXShellScriptBuildPhase;
			buildActionMask = 2147483647;
			files = (
			);
			inputPaths = (
			);
			name = "[CP] Copy Pods Resources";
			outputPaths = (
			);
			runOnlyForDeploymentPostprocessing = 0;
			shellPath = /bin/sh;
			shellScript = "\"${SRCROOT}/Pods/Target Support Files/Pods-JSQObjcDemo/Pods-JSQObjcDemo-resources.sh\"\n";
			showEnvVarsInLog = 0;
		};
/* End PBXShellScriptBuildPhase section */

/* Begin PBXSourcesBuildPhase section */
		44DC54831E42D87A0099F0E8 /* Sources */ = {
			isa = PBXSourcesBuildPhase;
			buildActionMask = 2147483647;
			files = (
				44DC54921E42D87A0099F0E8 /* ViewController.m in Sources */,
				44DC548F1E42D87A0099F0E8 /* AppDelegate.m in Sources */,
				44DC548C1E42D87A0099F0E8 /* main.m in Sources */,
				44DC54A51E430D3A0099F0E8 /* DemoChatViewController.m in Sources */,
			);
			runOnlyForDeploymentPostprocessing = 0;
		};
/* End PBXSourcesBuildPhase section */

/* Begin PBXVariantGroup section */
		44DC54931E42D87A0099F0E8 /* Main.storyboard */ = {
			isa = PBXVariantGroup;
			children = (
				44DC54941E42D87A0099F0E8 /* Base */,
			);
			name = Main.storyboard;
			sourceTree = "<group>";
		};
		44DC54981E42D87A0099F0E8 /* LaunchScreen.storyboard */ = {
			isa = PBXVariantGroup;
			children = (
				44DC54991E42D87A0099F0E8 /* Base */,
			);
			name = LaunchScreen.storyboard;
			sourceTree = "<group>";
		};
/* End PBXVariantGroup section */

/* Begin XCBuildConfiguration section */
		44DC549C1E42D87A0099F0E8 /* Debug */ = {
			isa = XCBuildConfiguration;
			buildSettings = {
				ALWAYS_SEARCH_USER_PATHS = NO;
				CLANG_ANALYZER_NONNULL = YES;
				CLANG_CXX_LANGUAGE_STANDARD = "gnu++0x";
				CLANG_CXX_LIBRARY = "libc++";
				CLANG_ENABLE_MODULES = YES;
				CLANG_ENABLE_OBJC_ARC = YES;
				CLANG_WARN_BOOL_CONVERSION = YES;
				CLANG_WARN_CONSTANT_CONVERSION = YES;
				CLANG_WARN_DIRECT_OBJC_ISA_USAGE = YES_ERROR;
				CLANG_WARN_DOCUMENTATION_COMMENTS = YES;
				CLANG_WARN_EMPTY_BODY = YES;
				CLANG_WARN_ENUM_CONVERSION = YES;
				CLANG_WARN_INFINITE_RECURSION = YES;
				CLANG_WARN_INT_CONVERSION = YES;
				CLANG_WARN_OBJC_ROOT_CLASS = YES_ERROR;
				CLANG_WARN_SUSPICIOUS_MOVE = YES;
				CLANG_WARN_UNREACHABLE_CODE = YES;
				CLANG_WARN__DUPLICATE_METHOD_MATCH = YES;
				"CODE_SIGN_IDENTITY[sdk=iphoneos*]" = "iPhone Developer";
				COPY_PHASE_STRIP = NO;
				DEBUG_INFORMATION_FORMAT = dwarf;
				ENABLE_STRICT_OBJC_MSGSEND = YES;
				ENABLE_TESTABILITY = YES;
				GCC_C_LANGUAGE_STANDARD = gnu99;
				GCC_DYNAMIC_NO_PIC = NO;
				GCC_NO_COMMON_BLOCKS = YES;
				GCC_OPTIMIZATION_LEVEL = 0;
				GCC_PREPROCESSOR_DEFINITIONS = (
					"DEBUG=1",
					"$(inherited)",
				);
				GCC_WARN_64_TO_32_BIT_CONVERSION = YES;
				GCC_WARN_ABOUT_RETURN_TYPE = YES_ERROR;
				GCC_WARN_UNDECLARED_SELECTOR = YES;
				GCC_WARN_UNINITIALIZED_AUTOS = YES_AGGRESSIVE;
				GCC_WARN_UNUSED_FUNCTION = YES;
				GCC_WARN_UNUSED_VARIABLE = YES;
				IPHONEOS_DEPLOYMENT_TARGET = 10.2;
				MTL_ENABLE_DEBUG_INFO = YES;
				ONLY_ACTIVE_ARCH = YES;
				SDKROOT = iphoneos;
			};
			name = Debug;
		};
		44DC549D1E42D87A0099F0E8 /* Release */ = {
			isa = XCBuildConfiguration;
			buildSettings = {
				ALWAYS_SEARCH_USER_PATHS = NO;
				CLANG_ANALYZER_NONNULL = YES;
				CLANG_CXX_LANGUAGE_STANDARD = "gnu++0x";
				CLANG_CXX_LIBRARY = "libc++";
				CLANG_ENABLE_MODULES = YES;
				CLANG_ENABLE_OBJC_ARC = YES;
				CLANG_WARN_BOOL_CONVERSION = YES;
				CLANG_WARN_CONSTANT_CONVERSION = YES;
				CLANG_WARN_DIRECT_OBJC_ISA_USAGE = YES_ERROR;
				CLANG_WARN_DOCUMENTATION_COMMENTS = YES;
				CLANG_WARN_EMPTY_BODY = YES;
				CLANG_WARN_ENUM_CONVERSION = YES;
				CLANG_WARN_INFINITE_RECURSION = YES;
				CLANG_WARN_INT_CONVERSION = YES;
				CLANG_WARN_OBJC_ROOT_CLASS = YES_ERROR;
				CLANG_WARN_SUSPICIOUS_MOVE = YES;
				CLANG_WARN_UNREACHABLE_CODE = YES;
				CLANG_WARN__DUPLICATE_METHOD_MATCH = YES;
				"CODE_SIGN_IDENTITY[sdk=iphoneos*]" = "iPhone Developer";
				COPY_PHASE_STRIP = NO;
				DEBUG_INFORMATION_FORMAT = "dwarf-with-dsym";
				ENABLE_NS_ASSERTIONS = NO;
				ENABLE_STRICT_OBJC_MSGSEND = YES;
				GCC_C_LANGUAGE_STANDARD = gnu99;
				GCC_NO_COMMON_BLOCKS = YES;
				GCC_WARN_64_TO_32_BIT_CONVERSION = YES;
				GCC_WARN_ABOUT_RETURN_TYPE = YES_ERROR;
				GCC_WARN_UNDECLARED_SELECTOR = YES;
				GCC_WARN_UNINITIALIZED_AUTOS = YES_AGGRESSIVE;
				GCC_WARN_UNUSED_FUNCTION = YES;
				GCC_WARN_UNUSED_VARIABLE = YES;
				IPHONEOS_DEPLOYMENT_TARGET = 10.2;
				MTL_ENABLE_DEBUG_INFO = NO;
				SDKROOT = iphoneos;
				VALIDATE_PRODUCT = YES;
			};
			name = Release;
		};
		44DC549F1E42D87A0099F0E8 /* Debug */ = {
			isa = XCBuildConfiguration;
			baseConfigurationReference = DEC5F2ECD779A9EE8E440450 /* Pods-JSQObjcDemo.debug.xcconfig */;
			buildSettings = {
				ASSETCATALOG_COMPILER_APPICON_NAME = AppIcon;
				DEVELOPMENT_TEAM = 8E5H4JDK8B;
				INFOPLIST_FILE = JSQObjcDemo/Info.plist;
				LD_RUNPATH_SEARCH_PATHS = "$(inherited) @executable_path/Frameworks";
				PRODUCT_BUNDLE_IDENTIFIER = com.gotyou.demo.JSQObjcDemo;
				PRODUCT_NAME = "$(TARGET_NAME)";
			};
			name = Debug;
		};
		44DC54A01E42D87A0099F0E8 /* Release */ = {
			isa = XCBuildConfiguration;
			baseConfigurationReference = D9719BA7117820170C1A2AC2 /* Pods-JSQObjcDemo.release.xcconfig */;
			buildSettings = {
				ASSETCATALOG_COMPILER_APPICON_NAME = AppIcon;
				DEVELOPMENT_TEAM = 8E5H4JDK8B;
				INFOPLIST_FILE = JSQObjcDemo/Info.plist;
				LD_RUNPATH_SEARCH_PATHS = "$(inherited) @executable_path/Frameworks";
				PRODUCT_BUNDLE_IDENTIFIER = com.gotyou.demo.JSQObjcDemo;
				PRODUCT_NAME = "$(TARGET_NAME)";
			};
			name = Release;
		};
/* End XCBuildConfiguration section */

/* Begin XCConfigurationList section */
		44DC54821E42D87A0099F0E8 /* Build configuration list for PBXProject "JSQObjcDemo" */ = {
			isa = XCConfigurationList;
			buildConfigurations = (
				44DC549C1E42D87A0099F0E8 /* Debug */,
				44DC549D1E42D87A0099F0E8 /* Release */,
			);
			defaultConfigurationIsVisible = 0;
			defaultConfigurationName = Release;
		};
		44DC549E1E42D87A0099F0E8 /* Build configuration list for PBXNativeTarget "JSQObjcDemo" */ = {
			isa = XCConfigurationList;
			buildConfigurations = (
				44DC549F1E42D87A0099F0E8 /* Debug */,
				44DC54A01E42D87A0099F0E8 /* Release */,
			);
			defaultConfigurationIsVisible = 0;
			defaultConfigurationName = Release;
		};
/* End XCConfigurationList section */
	};
	rootObject = 44DC547F1E42D87A0099F0E8 /* Project object */;
}
